// !$*UTF8*$!
{
	archiveVersion = 1;
	classes = {
	};
	objectVersion = 46;
	objects = {

/* Begin PBXBuildFile section */
		987B7F511B493A0800515EE2 /* main.m in Sources */ = {isa = PBXBuildFile; fileRef = 987B7F501B493A0800515EE2 /* main.m */; };
		987B7F591B493BA200515EE2 /* Person.m in Sources */ = {isa = PBXBuildFile; fileRef = 987B7F581B493BA200515EE2 /* Person.m */; };
		98A742EA1B4968030071A96B /* 进度.txt in Sources */ = {isa = PBXBuildFile; fileRef = 98A742E91B4968030071A96B /* 进度.txt */; };
/* End PBXBuildFile section */

/* Begin PBXCopyFilesBuildPhase section */
		987B7F4B1B493A0800515EE2 /* CopyFiles */ = {
			isa = PBXCopyFilesBuildPhase;
			buildActionMask = 2147483647;
			dstPath = /usr/share/man/man1/;
			dstSubfolderSpec = 0;
			files = (
			);
			runOnlyForDeploymentPostprocessing = 1;
		};
/* End PBXCopyFilesBuildPhase section */

/* Begin PBXFileReference section */
		987B7F4D1B493A0800515EE2 /* memoryManagement */ = {isa = PBXFileReference; explicitFileType = "compiled.mach-o.executable"; includeInIndex = 0; path = memoryManagement; sourceTree = BUILT_PRODUCTS_DIR; };
		987B7F501B493A0800515EE2 /* main.m */ = {isa = PBXFileReference; lastKnownFileType = sourcecode.c.objc; path = main.m; sourceTree = "<group>"; };
		987B7F571B493BA200515EE2 /* Person.h */ = {isa = PBXFileReference; fileEncoding = 4; lastKnownFileType = sourcecode.c.h; path = Person.h; sourceTree = "<group>"; };
		987B7F581B493BA200515EE2 /* Person.m */ = {isa = PBXFileReference; fileEncoding = 4; lastKnownFileType = sourcecode.c.objc; path = Person.m; sourceTree = "<group>"; };
		98A742E91B4968030071A96B /* 进度.txt */ = {isa = PBXFileReference; fileEncoding = 4; lastKnownFileType = text; path = "进度.txt"; sourceTree = "<group>"; };
/* End PBXFileReference section */

/* Begin PBXFrameworksBuildPhase section */
		987B7F4A1B493A0800515EE2 /* Frameworks */ = {
			isa = PBXFrameworksBuildPhase;
			buildActionMask = 2147483647;
			files = (
			);
			runOnlyForDeploymentPostprocessing = 0;
		};
/* End PBXFrameworksBuildPhase section */

/* Begin PBXGroup section */
		987B7F441B493A0800515EE2 = {
			isa = PBXGroup;
			children = (
				987B7F4F1B493A0800515EE2 /* memoryManager */,
				987B7F4E1B493A0800515EE2 /* Products */,
				98A742E91B4968030071A96B /* 进度.txt */,
			);
			sourceTree = "<group>";
		};
		987B7F4E1B493A0800515EE2 /* Products */ = {
			isa = PBXGroup;
			children = (
				987B7F4D1B493A0800515EE2 /* memoryManagement */,
			);
			name = Products;
			sourceTree = "<group>";
		};
		987B7F4F1B493A0800515EE2 /* memoryManager */ = {
			isa = PBXGroup;
			children = (
				987B7F501B493A0800515EE2 /* main.m */,
				987B7F571B493BA200515EE2 /* Person.h */,
				987B7F581B493BA200515EE2 /* Person.m */,
			);
			path = memoryManager;
			sourceTree = "<group>";
		};
/* End PBXGroup section */

/* Begin PBXNativeTarget section */
		987B7F4C1B493A0800515EE2 /* memoryManagement */ = {
			isa = PBXNativeTarget;
			buildConfigurationList = 987B7F541B493A0800515EE2 /* Build configuration list for PBXNativeTarget "memoryManagement" */;
			buildPhases = (
				987B7F491B493A0800515EE2 /* Sources */,
				987B7F4A1B493A0800515EE2 /* Frameworks */,
				987B7F4B1B493A0800515EE2 /* CopyFiles */,
			);
			buildRules = (
			);
			dependencies = (
			);
			name = memoryManagement;
			productName = memoryManager;
			productReference = 987B7F4D1B493A0800515EE2 /* memoryManagement */;
			productType = "com.apple.product-type.tool";
		};
/* End PBXNativeTarget section */

/* Begin PBXProject section */
		987B7F451B493A0800515EE2 /* Project object */ = {
			isa = PBXProject;
			attributes = {
				LastUpgradeCheck = 0630;
				ORGANIZATIONNAME = "李贵";
				TargetAttributes = {
					987B7F4C1B493A0800515EE2 = {
						CreatedOnToolsVersion = 6.3.2;
					};
				};
			};
			buildConfigurationList = 987B7F481B493A0800515EE2 /* Build configuration list for PBXProject "memoryManagement" */;
			compatibilityVersion = "Xcode 3.2";
			developmentRegion = English;
			hasScannedForEncodings = 0;
			knownRegions = (
				en,
			);
			mainGroup = 987B7F441B493A0800515EE2;
			productRefGroup = 987B7F4E1B493A0800515EE2 /* Products */;
			projectDirPath = "";
			projectRoot = "";
			targets = (
				987B7F4C1B493A0800515EE2 /* memoryManagement */,
			);
		};
/* End PBXProject section */

/* Begin PBXSourcesBuildPhase section */
		987B7F491B493A0800515EE2 /* Sources */ = {
			isa = PBXSourcesBuildPhase;
			buildActionMask = 2147483647;
			files = (
				98A742EA1B4968030071A96B /* 进度.txt in Sources */,
				987B7F591B493BA200515EE2 /* Person.m in Sources */,
				987B7F511B493A0800515EE2 /* main.m in Sources */,
			);
			runOnlyForDeploymentPostprocessing = 0;
		};
/* End PBXSourcesBuildPhase section */

/* Begin XCBuildConfiguration section */
		987B7F521B493A0800515EE2 /* Debug */ = {
			isa = XCBuildConfiguration;
			buildSettings = {
				ALWAYS_SEARCH_USER_PATHS = NO;
				CLANG_CXX_LANGUAGE_STANDARD = "gnu++0x";
				CLANG_CXX_LIBRARY = "libc++";
				CLANG_ENABLE_MODULES = YES;
				CLANG_ENABLE_OBJC_ARC = YES;
				CLANG_WARN_BOOL_CONVERSION = YES;
				CLANG_WARN_CONSTANT_CONVERSION = YES;
				CLANG_WARN_DIRECT_OBJC_ISA_USAGE = YES_ERROR;
				CLANG_WARN_EMPTY_BODY = YES;
				CLANG_WARN_ENUM_CONVERSION = YES;
				CLANG_WARN_INT_CONVERSION = YES;
				CLANG_WARN_OBJC_ROOT_CLASS = YES_ERROR;
				CLANG_WARN_UNREACHABLE_CODE = YES;
				CLANG_WARN__DUPLICATE_METHOD_MATCH = YES;
				COPY_PHASE_STRIP = NO;
				DEBUG_INFORMATION_FORMAT = dwarf;
				ENABLE_STRICT_OBJC_MSGSEND = YES;
				GCC_C_LANGUAGE_STANDARD = gnu99;
				GCC_DYNAMIC_NO_PIC = NO;
				GCC_NO_COMMON_BLOCKS = YES;
				GCC_OPTIMIZATION_LEVEL = 0;
				GCC_PREPROCESSOR_DEFINITIONS = (
					"DEBUG=1",
					"$(inherited)",
				);
				GCC_SYMBOLS_PRIVATE_EXTERN = NO;
				GCC_WARN_64_TO_32_BIT_CONVERSION = YES;
				GCC_WARN_ABOUT_RETURN_TYPE = YES_ERROR;
				GCC_WARN_UNDECLARED_SELECTOR = YES;
				GCC_WARN_UNINITIALIZED_AUTOS = YES_AGGRESSIVE;
				GCC_WARN_UNUSED_FUNCTION = YES;
				GCC_WARN_UNUSED_VARIABLE = YES;
				MACOSX_DEPLOYMENT_TARGET = 10.10;
				MTL_ENABLE_DEBUG_INFO = YES;
				ONLY_ACTIVE_ARCH = YES;
				SDKROOT = macosx;
			};
			name = Debug;
		};
		987B7F531B493A0800515EE2 /* Release */ = {
			isa = XCBuildConfiguration;
			buildSettings = {
				ALWAYS_SEARCH_USER_PATHS = NO;
				CLANG_CXX_LANGUAGE_STANDARD = "gnu++0x";
				CLANG_CXX_LIBRARY = "libc++";
				CLANG_ENABLE_MODULES = YES;
				CLANG_ENABLE_OBJC_ARC = YES;
				CLANG_WARN_BOOL_CONVERSION = YES;
				CLANG_WARN_CONSTANT_CONVERSION = YES;
				CLANG_WARN_DIRECT_OBJC_ISA_USAGE = YES_ERROR;
				CLANG_WARN_EMPTY_BODY = YES;
				CLANG_WARN_ENUM_CONVERSION = YES;
				CLANG_WARN_INT_CONVERSION = YES;
				CLANG_WARN_OBJC_ROOT_CLASS = YES_ERROR;
				CLANG_WARN_UNREACHABLE_CODE = YES;
				CLANG_WARN__DUPLICATE_METHOD_MATCH = YES;
				COPY_PHASE_STRIP = NO;
				DEBUG_INFORMATION_FORMAT = "dwarf-with-dsym";
				ENABLE_NS_ASSERTIONS = NO;
				ENABLE_STRICT_OBJC_MSGSEND = YES;
				GCC_C_LANGUAGE_STANDARD = gnu99;
				GCC_NO_COMMON_BLOCKS = YES;
				GCC_WARN_64_TO_32_BIT_CONVERSION = YES;
				GCC_WARN_ABOUT_RETURN_TYPE = YES_ERROR;
				GCC_WARN_UNDECLARED_SELECTOR = YES;
				GCC_WARN_UNINITIALIZED_AUTOS = YES_AGGRESSIVE;
				GCC_WARN_UNUSED_FUNCTION = YES;
				GCC_WARN_UNUSED_VARIABLE = YES;
				MACOSX_DEPLOYMENT_TARGET = 10.10;
				MTL_ENABLE_DEBUG_INFO = NO;
				SDKROOT = macosx;
			};
			name = Release;
		};
		987B7F551B493A0800515EE2 /* Debug */ = {
			isa = XCBuildConfiguration;
			buildSettings = {
				CLANG_ENABLE_OBJC_ARC = NO;
				PRODUCT_NAME = memoryManagement;
			};
			name = Debug;
		};
		987B7F561B493A0800515EE2 /* Release */ = {
			isa = XCBuildConfiguration;
			buildSettings = {
				CLANG_ENABLE_OBJC_ARC = NO;
				PRODUCT_NAME = memoryManagement;
			};
			name = Release;
		};
/* End XCBuildConfiguration section */

/* Begin XCConfigurationList section */
		987B7F481B493A0800515EE2 /* Build configuration list for PBXProject "memoryManagement" */ = {
			isa = XCConfigurationList;
			buildConfigurations = (
				987B7F521B493A0800515EE2 /* Debug */,
				987B7F531B493A0800515EE2 /* Release */,
			);
			defaultConfigurationIsVisible = 0;
			defaultConfigurationName = Release;
		};
		987B7F541B493A0800515EE2 /* Build configuration list for PBXNativeTarget "memoryManagement" */ = {
			isa = XCConfigurationList;
			buildConfigurations = (
				987B7F551B493A0800515EE2 /* Debug */,
				987B7F561B493A0800515EE2 /* Release */,
			);
			defaultConfigurationIsVisible = 0;
			defaultConfigurationName = Release;
		};
/* End XCConfigurationList section */
	};
	rootObject = 987B7F451B493A0800515EE2 /* Project object */;
}
